// !$*UTF8*$!
{
	archiveVersion = 1;
	classes = {
	};
	objectVersion = 46;
	objects = {

/* Begin PBXBuildFile section */
		85A9CF8E1DD3E63700C7BE03 /* AppDelegate.swift in Sources */ = {isa = PBXBuildFile; fileRef = 85A9CF8D1DD3E63700C7BE03 /* AppDelegate.swift */; };
		85A9CF901DD3E63700C7BE03 /* ViewController.swift in Sources */ = {isa = PBXBuildFile; fileRef = 85A9CF8F1DD3E63700C7BE03 /* ViewController.swift */; };
		85A9CF931DD3E63700C7BE03 /* Main.storyboard in Resources */ = {isa = PBXBuildFile; fileRef = 85A9CF911DD3E63700C7BE03 /* Main.storyboard */; };
		85A9CF951DD3E63700C7BE03 /* Assets.xcassets in Resources */ = {isa = PBXBuildFile; fileRef = 85A9CF941DD3E63700C7BE03 /* Assets.xcassets */; };
		85A9CF981DD3E63700C7BE03 /* LaunchScreen.storyboard in Resources */ = {isa = PBXBuildFile; fileRef = 85A9CF961DD3E63700C7BE03 /* LaunchScreen.storyboard */; };
		85A9CFA31DD3E63800C7BE03 /* FeriaInternacionalTests.swift in Sources */ = {isa = PBXBuildFile; fileRef = 85A9CFA21DD3E63800C7BE03 /* FeriaInternacionalTests.swift */; };
		85A9CFAE1DD3E63800C7BE03 /* FeriaInternacionalUITests.swift in Sources */ = {isa = PBXBuildFile; fileRef = 85A9CFAD1DD3E63800C7BE03 /* FeriaInternacionalUITests.swift */; };
/* End PBXBuildFile section */

/* Begin PBXContainerItemProxy section */
		85A9CF9F1DD3E63800C7BE03 /* PBXContainerItemProxy */ = {
			isa = PBXContainerItemProxy;
			containerPortal = 85A9CF821DD3E63700C7BE03 /* Project object */;
			proxyType = 1;
			remoteGlobalIDString = 85A9CF891DD3E63700C7BE03;
			remoteInfo = FeriaInternacional;
		};
		85A9CFAA1DD3E63800C7BE03 /* PBXContainerItemProxy */ = {
			isa = PBXContainerItemProxy;
			containerPortal = 85A9CF821DD3E63700C7BE03 /* Project object */;
			proxyType = 1;
			remoteGlobalIDString = 85A9CF891DD3E63700C7BE03;
			remoteInfo = FeriaInternacional;
		};
/* End PBXContainerItemProxy section */

/* Begin PBXFileReference section */
		85A9CF8A1DD3E63700C7BE03 /* FeriaInternacional.app */ = {isa = PBXFileReference; explicitFileType = wrapper.application; includeInIndex = 0; path = FeriaInternacional.app; sourceTree = BUILT_PRODUCTS_DIR; };
		85A9CF8D1DD3E63700C7BE03 /* AppDelegate.swift */ = {isa = PBXFileReference; lastKnownFileType = sourcecode.swift; path = AppDelegate.swift; sourceTree = "<group>"; };
		85A9CF8F1DD3E63700C7BE03 /* ViewController.swift */ = {isa = PBXFileReference; lastKnownFileType = sourcecode.swift; path = ViewController.swift; sourceTree = "<group>"; };
		85A9CF921DD3E63700C7BE03 /* Base */ = {isa = PBXFileReference; lastKnownFileType = file.storyboard; name = Base; path = Base.lproj/Main.storyboard; sourceTree = "<group>"; };
		85A9CF941DD3E63700C7BE03 /* Assets.xcassets */ = {isa = PBXFileReference; lastKnownFileType = folder.assetcatalog; path = Assets.xcassets; sourceTree = "<group>"; };
		85A9CF971DD3E63700C7BE03 /* Base */ = {isa = PBXFileReference; lastKnownFileType = file.storyboard; name = Base; path = Base.lproj/LaunchScreen.storyboard; sourceTree = "<group>"; };
		85A9CF991DD3E63700C7BE03 /* Info.plist */ = {isa = PBXFileReference; lastKnownFileType = text.plist.xml; path = Info.plist; sourceTree = "<group>"; };
		85A9CF9E1DD3E63800C7BE03 /* FeriaInternacionalTests.xctest */ = {isa = PBXFileReference; explicitFileType = wrapper.cfbundle; includeInIndex = 0; path = FeriaInternacionalTests.xctest; sourceTree = BUILT_PRODUCTS_DIR; };
		85A9CFA21DD3E63800C7BE03 /* FeriaInternacionalTests.swift */ = {isa = PBXFileReference; lastKnownFileType = sourcecode.swift; path = FeriaInternacionalTests.swift; sourceTree = "<group>"; };
		85A9CFA41DD3E63800C7BE03 /* Info.plist */ = {isa = PBXFileReference; lastKnownFileType = text.plist.xml; path = Info.plist; sourceTree = "<group>"; };
		85A9CFA91DD3E63800C7BE03 /* FeriaInternacionalUITests.xctest */ = {isa = PBXFileReference; explicitFileType = wrapper.cfbundle; includeInIndex = 0; path = FeriaInternacionalUITests.xctest; sourceTree = BUILT_PRODUCTS_DIR; };
		85A9CFAD1DD3E63800C7BE03 /* FeriaInternacionalUITests.swift */ = {isa = PBXFileReference; lastKnownFileType = sourcecode.swift; path = FeriaInternacionalUITests.swift; sourceTree = "<group>"; };
		85A9CFAF1DD3E63800C7BE03 /* Info.plist */ = {isa = PBXFileReference; lastKnownFileType = text.plist.xml; path = Info.plist; sourceTree = "<group>"; };
/* End PBXFileReference section */

/* Begin PBXFrameworksBuildPhase section */
		85A9CF871DD3E63700C7BE03 /* Frameworks */ = {
			isa = PBXFrameworksBuildPhase;
			buildActionMask = 2147483647;
			files = (
			);
			runOnlyForDeploymentPostprocessing = 0;
		};
		85A9CF9B1DD3E63800C7BE03 /* Frameworks */ = {
			isa = PBXFrameworksBuildPhase;
			buildActionMask = 2147483647;
			files = (
			);
			runOnlyForDeploymentPostprocessing = 0;
		};
		85A9CFA61DD3E63800C7BE03 /* Frameworks */ = {
			isa = PBXFrameworksBuildPhase;
			buildActionMask = 2147483647;
			files = (
			);
			runOnlyForDeploymentPostprocessing = 0;
		};
/* End PBXFrameworksBuildPhase section */

/* Begin PBXGroup section */
		85A9CF811DD3E63700C7BE03 = {
			isa = PBXGroup;
			children = (
				85A9CF8C1DD3E63700C7BE03 /* FeriaInternacional */,
				85A9CFA11DD3E63800C7BE03 /* FeriaInternacionalTests */,
				85A9CFAC1DD3E63800C7BE03 /* FeriaInternacionalUITests */,
				85A9CF8B1DD3E63700C7BE03 /* Products */,
			);
			sourceTree = "<group>";
		};
		85A9CF8B1DD3E63700C7BE03 /* Products */ = {
			isa = PBXGroup;
			children = (
				85A9CF8A1DD3E63700C7BE03 /* FeriaInternacional.app */,
				85A9CF9E1DD3E63800C7BE03 /* FeriaInternacionalTests.xctest */,
				85A9CFA91DD3E63800C7BE03 /* FeriaInternacionalUITests.xctest */,
			);
			name = Products;
			sourceTree = "<group>";
		};
		85A9CF8C1DD3E63700C7BE03 /* FeriaInternacional */ = {
			isa = PBXGroup;
			children = (
				85A9CF8D1DD3E63700C7BE03 /* AppDelegate.swift */,
				85A9CF8F1DD3E63700C7BE03 /* ViewController.swift */,
				85A9CF911DD3E63700C7BE03 /* Main.storyboard */,
				85A9CF941DD3E63700C7BE03 /* Assets.xcassets */,
				85A9CF961DD3E63700C7BE03 /* LaunchScreen.storyboard */,
				85A9CF991DD3E63700C7BE03 /* Info.plist */,
			);
			path = FeriaInternacional;
			sourceTree = "<group>";
		};
		85A9CFA11DD3E63800C7BE03 /* FeriaInternacionalTests */ = {
			isa = PBXGroup;
			children = (
				85A9CFA21DD3E63800C7BE03 /* FeriaInternacionalTests.swift */,
				85A9CFA41DD3E63800C7BE03 /* Info.plist */,
			);
			path = FeriaInternacionalTests;
			sourceTree = "<group>";
		};
		85A9CFAC1DD3E63800C7BE03 /* FeriaInternacionalUITests */ = {
			isa = PBXGroup;
			children = (
				85A9CFAD1DD3E63800C7BE03 /* FeriaInternacionalUITests.swift */,
				85A9CFAF1DD3E63800C7BE03 /* Info.plist */,
			);
			path = FeriaInternacionalUITests;
			sourceTree = "<group>";
		};
/* End PBXGroup section */

/* Begin PBXNativeTarget section */
		85A9CF891DD3E63700C7BE03 /* FeriaInternacional */ = {
			isa = PBXNativeTarget;
			buildConfigurationList = 85A9CFB21DD3E63800C7BE03 /* Build configuration list for PBXNativeTarget "FeriaInternacional" */;
			buildPhases = (
				85A9CF861DD3E63700C7BE03 /* Sources */,
				85A9CF871DD3E63700C7BE03 /* Frameworks */,
				85A9CF881DD3E63700C7BE03 /* Resources */,
			);
			buildRules = (
			);
			dependencies = (
			);
			name = FeriaInternacional;
			productName = FeriaInternacional;
			productReference = 85A9CF8A1DD3E63700C7BE03 /* FeriaInternacional.app */;
			productType = "com.apple.product-type.application";
		};
		85A9CF9D1DD3E63800C7BE03 /* FeriaInternacionalTests */ = {
			isa = PBXNativeTarget;
			buildConfigurationList = 85A9CFB51DD3E63800C7BE03 /* Build configuration list for PBXNativeTarget "FeriaInternacionalTests" */;
			buildPhases = (
				85A9CF9A1DD3E63800C7BE03 /* Sources */,
				85A9CF9B1DD3E63800C7BE03 /* Frameworks */,
				85A9CF9C1DD3E63800C7BE03 /* Resources */,
			);
			buildRules = (
			);
			dependencies = (
				85A9CFA01DD3E63800C7BE03 /* PBXTargetDependency */,
			);
			name = FeriaInternacionalTests;
			productName = FeriaInternacionalTests;
			productReference = 85A9CF9E1DD3E63800C7BE03 /* FeriaInternacionalTests.xctest */;
			productType = "com.apple.product-type.bundle.unit-test";
		};
		85A9CFA81DD3E63800C7BE03 /* FeriaInternacionalUITests */ = {
			isa = PBXNativeTarget;
			buildConfigurationList = 85A9CFB81DD3E63800C7BE03 /* Build configuration list for PBXNativeTarget "FeriaInternacionalUITests" */;
			buildPhases = (
				85A9CFA51DD3E63800C7BE03 /* Sources */,
				85A9CFA61DD3E63800C7BE03 /* Frameworks */,
				85A9CFA71DD3E63800C7BE03 /* Resources */,
			);
			buildRules = (
			);
			dependencies = (
				85A9CFAB1DD3E63800C7BE03 /* PBXTargetDependency */,
			);
			name = FeriaInternacionalUITests;
			productName = FeriaInternacionalUITests;
			productReference = 85A9CFA91DD3E63800C7BE03 /* FeriaInternacionalUITests.xctest */;
			productType = "com.apple.product-type.bundle.ui-testing";
		};
/* End PBXNativeTarget section */

/* Begin PBXProject section */
		85A9CF821DD3E63700C7BE03 /* Project object */ = {
			isa = PBXProject;
			attributes = {
				LastSwiftUpdateCheck = 0810;
				LastUpgradeCheck = 0810;
				ORGANIZATIONNAME = Laboratorio;
				TargetAttributes = {
					85A9CF891DD3E63700C7BE03 = {
						CreatedOnToolsVersion = 8.1;
						ProvisioningStyle = Automatic;
					};
					85A9CF9D1DD3E63800C7BE03 = {
						CreatedOnToolsVersion = 8.1;
						ProvisioningStyle = Automatic;
						TestTargetID = 85A9CF891DD3E63700C7BE03;
					};
					85A9CFA81DD3E63800C7BE03 = {
						CreatedOnToolsVersion = 8.1;
						ProvisioningStyle = Automatic;
						TestTargetID = 85A9CF891DD3E63700C7BE03;
					};
				};
			};
			buildConfigurationList = 85A9CF851DD3E63700C7BE03 /* Build configuration list for PBXProject "FeriaInternacional" */;
			compatibilityVersion = "Xcode 3.2";
			developmentRegion = English;
			hasScannedForEncodings = 0;
			knownRegions = (
				en,
				Base,
			);
			mainGroup = 85A9CF811DD3E63700C7BE03;
			productRefGroup = 85A9CF8B1DD3E63700C7BE03 /* Products */;
			projectDirPath = "";
			projectRoot = "";
			targets = (
				85A9CF891DD3E63700C7BE03 /* FeriaInternacional */,
				85A9CF9D1DD3E63800C7BE03 /* FeriaInternacionalTests */,
				85A9CFA81DD3E63800C7BE03 /* FeriaInternacionalUITests */,
			);
		};
/* End PBXProject section */

/* Begin PBXResourcesBuildPhase section */
		85A9CF881DD3E63700C7BE03 /* Resources */ = {
			isa = PBXResourcesBuildPhase;
			buildActionMask = 2147483647;
			files = (
				85A9CF981DD3E63700C7BE03 /* LaunchScreen.storyboard in Resources */,
				85A9CF951DD3E63700C7BE03 /* Assets.xcassets in Resources */,
				85A9CF931DD3E63700C7BE03 /* Main.storyboard in Resources */,
			);
			runOnlyForDeploymentPostprocessing = 0;
		};
		85A9CF9C1DD3E63800C7BE03 /* Resources */ = {
			isa = PBXResourcesBuildPhase;
			buildActionMask = 2147483647;
			files = (
			);
			runOnlyForDeploymentPostprocessing = 0;
		};
		85A9CFA71DD3E63800C7BE03 /* Resources */ = {
			isa = PBXResourcesBuildPhase;
			buildActionMask = 2147483647;
			files = (
			);
			runOnlyForDeploymentPostprocessing = 0;
		};
/* End PBXResourcesBuildPhase section */

/* Begin PBXSourcesBuildPhase section */
		85A9CF861DD3E63700C7BE03 /* Sources */ = {
			isa = PBXSourcesBuildPhase;
			buildActionMask = 2147483647;
			files = (
				85A9CF901DD3E63700C7BE03 /* ViewController.swift in Sources */,
				85A9CF8E1DD3E63700C7BE03 /* AppDelegate.swift in Sources */,
			);
			runOnlyForDeploymentPostprocessing = 0;
		};
		85A9CF9A1DD3E63800C7BE03 /* Sources */ = {
			isa = PBXSourcesBuildPhase;
			buildActionMask = 2147483647;
			files = (
				85A9CFA31DD3E63800C7BE03 /* FeriaInternacionalTests.swift in Sources */,
			);
			runOnlyForDeploymentPostprocessing = 0;
		};
		85A9CFA51DD3E63800C7BE03 /* Sources */ = {
			isa = PBXSourcesBuildPhase;
			buildActionMask = 2147483647;
			files = (
				85A9CFAE1DD3E63800C7BE03 /* FeriaInternacionalUITests.swift in Sources */,
			);
			runOnlyForDeploymentPostprocessing = 0;
		};
/* End PBXSourcesBuildPhase section */

/* Begin PBXTargetDependency section */
		85A9CFA01DD3E63800C7BE03 /* PBXTargetDependency */ = {
			isa = PBXTargetDependency;
			target = 85A9CF891DD3E63700C7BE03 /* FeriaInternacional */;
			targetProxy = 85A9CF9F1DD3E63800C7BE03 /* PBXContainerItemProxy */;
		};
		85A9CFAB1DD3E63800C7BE03 /* PBXTargetDependency */ = {
			isa = PBXTargetDependency;
			target = 85A9CF891DD3E63700C7BE03 /* FeriaInternacional */;
			targetProxy = 85A9CFAA1DD3E63800C7BE03 /* PBXContainerItemProxy */;
		};
/* End PBXTargetDependency section */

/* Begin PBXVariantGroup section */
		85A9CF911DD3E63700C7BE03 /* Main.storyboard */ = {
			isa = PBXVariantGroup;
			children = (
				85A9CF921DD3E63700C7BE03 /* Base */,
			);
			name = Main.storyboard;
			sourceTree = "<group>";
		};
		85A9CF961DD3E63700C7BE03 /* LaunchScreen.storyboard */ = {
			isa = PBXVariantGroup;
			children = (
				85A9CF971DD3E63700C7BE03 /* Base */,
			);
			name = LaunchScreen.storyboard;
			sourceTree = "<group>";
		};
/* End PBXVariantGroup section */

/* Begin XCBuildConfiguration section */
		85A9CFB01DD3E63800C7BE03 /* Debug */ = {
			isa = XCBuildConfiguration;
			buildSettings = {
				ALWAYS_SEARCH_USER_PATHS = NO;
				CLANG_ANALYZER_NONNULL = YES;
				CLANG_CXX_LANGUAGE_STANDARD = "gnu++0x";
				CLANG_CXX_LIBRARY = "libc++";
				CLANG_ENABLE_MODULES = YES;
				CLANG_ENABLE_OBJC_ARC = YES;
				CLANG_WARN_BOOL_CONVERSION = YES;
				CLANG_WARN_CONSTANT_CONVERSION = YES;
				CLANG_WARN_DIRECT_OBJC_ISA_USAGE = YES_ERROR;
				CLANG_WARN_DOCUMENTATION_COMMENTS = YES;
				CLANG_WARN_EMPTY_BODY = YES;
				CLANG_WARN_ENUM_CONVERSION = YES;
				CLANG_WARN_INFINITE_RECURSION = YES;
				CLANG_WARN_INT_CONVERSION = YES;
				CLANG_WARN_OBJC_ROOT_CLASS = YES_ERROR;
				CLANG_WARN_SUSPICIOUS_MOVES = YES;
				CLANG_WARN_UNREACHABLE_CODE = YES;
				CLANG_WARN__DUPLICATE_METHOD_MATCH = YES;
				"CODE_SIGN_IDENTITY[sdk=iphoneos*]" = "iPhone Developer";
				COPY_PHASE_STRIP = NO;
				DEBUG_INFORMATION_FORMAT = dwarf;
				ENABLE_STRICT_OBJC_MSGSEND = YES;
				ENABLE_TESTABILITY = YES;
				GCC_C_LANGUAGE_STANDARD = gnu99;
				GCC_DYNAMIC_NO_PIC = NO;
				GCC_NO_COMMON_BLOCKS = YES;
				GCC_OPTIMIZATION_LEVEL = 0;
				GCC_PREPROCESSOR_DEFINITIONS = (
					"DEBUG=1",
					"$(inherited)",
				);
				GCC_WARN_64_TO_32_BIT_CONVERSION = YES;
				GCC_WARN_ABOUT_RETURN_TYPE = YES_ERROR;
				GCC_WARN_UNDECLARED_SELECTOR = YES;
				GCC_WARN_UNINITIALIZED_AUTOS = YES_AGGRESSIVE;
				GCC_WARN_UNUSED_FUNCTION = YES;
				GCC_WARN_UNUSED_VARIABLE = YES;
				IPHONEOS_DEPLOYMENT_TARGET = 10.1;
				MTL_ENABLE_DEBUG_INFO = YES;
				ONLY_ACTIVE_ARCH = YES;
				SDKROOT = iphoneos;
				SWIFT_ACTIVE_COMPILATION_CONDITIONS = DEBUG;
				SWIFT_OPTIMIZATION_LEVEL = "-Onone";
				TARGETED_DEVICE_FAMILY = "1,2";
			};
			name = Debug;
		};
		85A9CFB11DD3E63800C7BE03 /* Release */ = {
			isa = XCBuildConfiguration;
			buildSettings = {
				ALWAYS_SEARCH_USER_PATHS = NO;
				CLANG_ANALYZER_NONNULL = YES;
				CLANG_CXX_LANGUAGE_STANDARD = "gnu++0x";
				CLANG_CXX_LIBRARY = "libc++";
				CLANG_ENABLE_MODULES = YES;
				CLANG_ENABLE_OBJC_ARC = YES;
				CLANG_WARN_BOOL_CONVERSION = YES;
				CLANG_WARN_CONSTANT_CONVERSION = YES;
				CLANG_WARN_DIRECT_OBJC_ISA_USAGE = YES_ERROR;
				CLANG_WARN_DOCUMENTATION_COMMENTS = YES;
				CLANG_WARN_EMPTY_BODY = YES;
				CLANG_WARN_ENUM_CONVERSION = YES;
				CLANG_WARN_INFINITE_RECURSION = YES;
				CLANG_WARN_INT_CONVERSION = YES;
				CLANG_WARN_OBJC_ROOT_CLASS = YES_ERROR;
				CLANG_WARN_SUSPICIOUS_MOVES = YES;
				CLANG_WARN_UNREACHABLE_CODE = YES;
				CLANG_WARN__DUPLICATE_METHOD_MATCH = YES;
				"CODE_SIGN_IDENTITY[sdk=iphoneos*]" = "iPhone Developer";
				COPY_PHASE_STRIP = NO;
				DEBUG_INFORMATION_FORMAT = "dwarf-with-dsym";
				ENABLE_NS_ASSERTIONS = NO;
				ENABLE_STRICT_OBJC_MSGSEND = YES;
				GCC_C_LANGUAGE_STANDARD = gnu99;
				GCC_NO_COMMON_BLOCKS = YES;
				GCC_WARN_64_TO_32_BIT_CONVERSION = YES;
				GCC_WARN_ABOUT_RETURN_TYPE = YES_ERROR;
				GCC_WARN_UNDECLARED_SELECTOR = YES;
				GCC_WARN_UNINITIALIZED_AUTOS = YES_AGGRESSIVE;
				GCC_WARN_UNUSED_FUNCTION = YES;
				GCC_WARN_UNUSED_VARIABLE = YES;
				IPHONEOS_DEPLOYMENT_TARGET = 10.1;
				MTL_ENABLE_DEBUG_INFO = NO;
				SDKROOT = iphoneos;
				SWIFT_OPTIMIZATION_LEVEL = "-Owholemodule";
				TARGETED_DEVICE_FAMILY = "1,2";
				VALIDATE_PRODUCT = YES;
			};
			name = Release;
		};
		85A9CFB31DD3E63800C7BE03 /* Debug */ = {
			isa = XCBuildConfiguration;
			buildSettings = {
				ASSETCATALOG_COMPILER_APPICON_NAME = AppIcon;
				INFOPLIST_FILE = FeriaInternacional/Info.plist;
				LD_RUNPATH_SEARCH_PATHS = "$(inherited) @executable_path/Frameworks";
				PRODUCT_BUNDLE_IDENTIFIER = udem.FeriaInternacional;
				PRODUCT_NAME = "$(TARGET_NAME)";
				SWIFT_VERSION = 3.0;
			};
			name = Debug;
		};
		85A9CFB41DD3E63800C7BE03 /* Release */ = {
			isa = XCBuildConfiguration;
			buildSettings = {
				ASSETCATALOG_COMPILER_APPICON_NAME = AppIcon;
				INFOPLIST_FILE = FeriaInternacional/Info.plist;
				LD_RUNPATH_SEARCH_PATHS = "$(inherited) @executable_path/Frameworks";
				PRODUCT_BUNDLE_IDENTIFIER = udem.FeriaInternacional;
				PRODUCT_NAME = "$(TARGET_NAME)";
				SWIFT_VERSION = 3.0;
			};
			name = Release;
		};
		85A9CFB61DD3E63800C7BE03 /* Debug */ = {
			isa = XCBuildConfiguration;
			buildSettings = {
				ALWAYS_EMBED_SWIFT_STANDARD_LIBRARIES = YES;
				BUNDLE_LOADER = "$(TEST_HOST)";
				INFOPLIST_FILE = FeriaInternacionalTests/Info.plist;
				LD_RUNPATH_SEARCH_PATHS = "$(inherited) @executable_path/Frameworks @loader_path/Frameworks";
				PRODUCT_BUNDLE_IDENTIFIER = udem.FeriaInternacionalTests;
				PRODUCT_NAME = "$(TARGET_NAME)";
				SWIFT_VERSION = 3.0;
				TEST_HOST = "$(BUILT_PRODUCTS_DIR)/FeriaInternacional.app/FeriaInternacional";
			};
			name = Debug;
		};
		85A9CFB71DD3E63800C7BE03 /* Release */ = {
			isa = XCBuildConfiguration;
			buildSettings = {
				ALWAYS_EMBED_SWIFT_STANDARD_LIBRARIES = YES;
				BUNDLE_LOADER = "$(TEST_HOST)";
				INFOPLIST_FILE = FeriaInternacionalTests/Info.plist;
				LD_RUNPATH_SEARCH_PATHS = "$(inherited) @executable_path/Frameworks @loader_path/Frameworks";
				PRODUCT_BUNDLE_IDENTIFIER = udem.FeriaInternacionalTests;
				PRODUCT_NAME = "$(TARGET_NAME)";
				SWIFT_VERSION = 3.0;
				TEST_HOST = "$(BUILT_PRODUCTS_DIR)/FeriaInternacional.app/FeriaInternacional";
			};
			name = Release;
		};
		85A9CFB91DD3E63800C7BE03 /* Debug */ = {
			isa = XCBuildConfiguration;
			buildSettings = {
				ALWAYS_EMBED_SWIFT_STANDARD_LIBRARIES = YES;
				INFOPLIST_FILE = FeriaInternacionalUITests/Info.plist;
				LD_RUNPATH_SEARCH_PATHS = "$(inherited) @executable_path/Frameworks @loader_path/Frameworks";
				PRODUCT_BUNDLE_IDENTIFIER = udem.FeriaInternacionalUITests;
				PRODUCT_NAME = "$(TARGET_NAME)";
				SWIFT_VERSION = 3.0;
				TEST_TARGET_NAME = FeriaInternacional;
			};
			name = Debug;
		};
		85A9CFBA1DD3E63800C7BE03 /* Release */ = {
			isa = XCBuildConfiguration;
			buildSettings = {
				ALWAYS_EMBED_SWIFT_STANDARD_LIBRARIES = YES;
				INFOPLIST_FILE = FeriaInternacionalUITests/Info.plist;
				LD_RUNPATH_SEARCH_PATHS = "$(inherited) @executable_path/Frameworks @loader_path/Frameworks";
				PRODUCT_BUNDLE_IDENTIFIER = udem.FeriaInternacionalUITests;
				PRODUCT_NAME = "$(TARGET_NAME)";
				SWIFT_VERSION = 3.0;
				TEST_TARGET_NAME = FeriaInternacional;
			};
			name = Release;
		};
/* End XCBuildConfiguration section */

/* Begin XCConfigurationList section */
		85A9CF851DD3E63700C7BE03 /* Build configuration list for PBXProject "FeriaInternacional" */ = {
			isa = XCConfigurationList;
			buildConfigurations = (
				85A9CFB01DD3E63800C7BE03 /* Debug */,
				85A9CFB11DD3E63800C7BE03 /* Release */,
			);
			defaultConfigurationIsVisible = 0;
			defaultConfigurationName = Release;
		};
		85A9CFB21DD3E63800C7BE03 /* Build configuration list for PBXNativeTarget "FeriaInternacional" */ = {
			isa = XCConfigurationList;
			buildConfigurations = (
				85A9CFB31DD3E63800C7BE03 /* Debug */,
				85A9CFB41DD3E63800C7BE03 /* Release */,
			);
			defaultConfigurationIsVisible = 0;
		};
		85A9CFB51DD3E63800C7BE03 /* Build configuration list for PBXNativeTarget "FeriaInternacionalTests" */ = {
			isa = XCConfigurationList;
			buildConfigurations = (
				85A9CFB61DD3E63800C7BE03 /* Debug */,
				85A9CFB71DD3E63800C7BE03 /* Release */,
			);
			defaultConfigurationIsVisible = 0;
		};
		85A9CFB81DD3E63800C7BE03 /* Build configuration list for PBXNativeTarget "FeriaInternacionalUITests" */ = {
			isa = XCConfigurationList;
			buildConfigurations = (
				85A9CFB91DD3E63800C7BE03 /* Debug */,
				85A9CFBA1DD3E63800C7BE03 /* Release */,
			);
			defaultConfigurationIsVisible = 0;
		};
/* End XCConfigurationList section */
	};
	rootObject = 85A9CF821DD3E63700C7BE03 /* Project object */;
}
